
Microsoft Visual Studio Solution File, Format Version 12.00
# Visual Studio Version 17
VisualStudioVersion = 17.2.32516.85
MinimumVisualStudioVersion = 10.0.40219.1
Project("{9A19103F-16F7-4668-BE54-9A1E7A4F7556}") = "WebApi.Web", "WebApi\WebApi.Web.csproj", "{76E98851-4C63-4D4C-9882-DACD8517047F}"
EndProject
Project("{FAE04EC0-301F-11D3-BF4B-00C04F79EFBC}") = "WebApi.Data", "WebApi.Data\WebApi.Data.csproj", "{837589EC-DB00-42D6-BD8A-A6F61DAD5114}"
EndProject
Project("{FAE04EC0-301F-11D3-BF4B-00C04F79EFBC}") = "WebApi.Bussiness", "WebApi.Bussiness\WebApi.Bussiness.csproj", "{BCFB44BD-1CA0-4221-AB69-6FC8BF8AF6D6}"
EndProject
Global
	GlobalSection(SolutionConfigurationPlatforms) = preSolution
		Debug|Any CPU = Debug|Any CPU
		Release|Any CPU = Release|Any CPU
	EndGlobalSection
	GlobalSection(ProjectConfigurationPlatforms) = postSolution
		{76E98851-4C63-4D4C-9882-DACD8517047F}.Debug|Any CPU.ActiveCfg = Debug|Any CPU
		{76E98851-4C63-4D4C-9882-DACD8517047F}.Debug|Any CPU.Build.0 = Debug|Any CPU
		{76E98851-4C63-4D4C-9882-DACD8517047F}.Release|Any CPU.ActiveCfg = Release|Any CPU
		{76E98851-4C63-4D4C-9882-DACD8517047F}.Release|Any CPU.Build.0 = Release|Any CPU
		{837589EC-DB00-42D6-BD8A-A6F61DAD5114}.Debug|Any CPU.ActiveCfg = Debug|Any CPU
		{837589EC-DB00-42D6-BD8A-A6F61DAD5114}.Debug|Any CPU.Build.0 = Debug|Any CPU
		{837589EC-DB00-42D6-BD8A-A6F61DAD5114}.Release|Any CPU.ActiveCfg = Release|Any CPU
		{837589EC-DB00-42D6-BD8A-A6F61DAD5114}.Release|Any CPU.Build.0 = Release|Any CPU
		{BCFB44BD-1CA0-4221-AB69-6FC8BF8AF6D6}.Debug|Any CPU.ActiveCfg = Debug|Any CPU
		{BCFB44BD-1CA0-4221-AB69-6FC8BF8AF6D6}.Debug|Any CPU.Build.0 = Debug|Any CPU
		{BCFB44BD-1CA0-4221-AB69-6FC8BF8AF6D6}.Release|Any CPU.ActiveCfg = Release|Any CPU
		{BCFB44BD-1CA0-4221-AB69-6FC8BF8AF6D6}.Release|Any CPU.Build.0 = Release|Any CPU
	EndGlobalSection
	GlobalSection(SolutionProperties) = preSolution
		HideSolutionNode = FALSE
	EndGlobalSection
	GlobalSection(ExtensibilityGlobals) = postSolution
		SolutionGuid = {F9130499-7DA1-4EFA-8D43-8EBF470F257B}
	EndGlobalSection
EndGlobal
